// !$*UTF8*$!
{
	archiveVersion = 1;
	classes = {
	};
	objectVersion = 46;
	objects = {

/* Begin PBXBuildFile section */
		17C980681D01B66200AF3323 /* main.m in Sources */ = {isa = PBXBuildFile; fileRef = 17C980671D01B66200AF3323 /* main.m */; };
		17C9806B1D01B66200AF3323 /* AppDelegate.m in Sources */ = {isa = PBXBuildFile; fileRef = 17C9806A1D01B66200AF3323 /* AppDelegate.m */; };
		17C9806E1D01B66200AF3323 /* ViewController.m in Sources */ = {isa = PBXBuildFile; fileRef = 17C9806D1D01B66200AF3323 /* ViewController.m */; };
		17C980711D01B66200AF3323 /* Main.storyboard in Resources */ = {isa = PBXBuildFile; fileRef = 17C9806F1D01B66200AF3323 /* Main.storyboard */; };
		17C980731D01B66200AF3323 /* Assets.xcassets in Resources */ = {isa = PBXBuildFile; fileRef = 17C980721D01B66200AF3323 /* Assets.xcassets */; };
		17C980761D01B66200AF3323 /* LaunchScreen.storyboard in Resources */ = {isa = PBXBuildFile; fileRef = 17C980741D01B66200AF3323 /* LaunchScreen.storyboard */; };
		17C980801D01B74600AF3323 /* TDSlideTabBarController.m in Sources */ = {isa = PBXBuildFile; fileRef = 17C9807F1D01B74600AF3323 /* TDSlideTabBarController.m */; };
		17C980841D01C12D00AF3323 /* UIView+TDFrame.m in Sources */ = {isa = PBXBuildFile; fileRef = 17C980831D01C12D00AF3323 /* UIView+TDFrame.m */; };
/* End PBXBuildFile section */

/* Begin PBXFileReference section */
		17C980631D01B66200AF3323 /* TDSlideTabBarController.app */ = {isa = PBXFileReference; explicitFileType = wrapper.application; includeInIndex = 0; path = TDSlideTabBarController.app; sourceTree = BUILT_PRODUCTS_DIR; };
		17C980671D01B66200AF3323 /* main.m */ = {isa = PBXFileReference; lastKnownFileType = sourcecode.c.objc; path = main.m; sourceTree = "<group>"; };
		17C980691D01B66200AF3323 /* AppDelegate.h */ = {isa = PBXFileReference; lastKnownFileType = sourcecode.c.h; path = AppDelegate.h; sourceTree = "<group>"; };
		17C9806A1D01B66200AF3323 /* AppDelegate.m */ = {isa = PBXFileReference; lastKnownFileType = sourcecode.c.objc; path = AppDelegate.m; sourceTree = "<group>"; };
		17C9806C1D01B66200AF3323 /* ViewController.h */ = {isa = PBXFileReference; lastKnownFileType = sourcecode.c.h; path = ViewController.h; sourceTree = "<group>"; };
		17C9806D1D01B66200AF3323 /* ViewController.m */ = {isa = PBXFileReference; lastKnownFileType = sourcecode.c.objc; path = ViewController.m; sourceTree = "<group>"; };
		17C980701D01B66200AF3323 /* Base */ = {isa = PBXFileReference; lastKnownFileType = file.storyboard; name = Base; path = Base.lproj/Main.storyboard; sourceTree = "<group>"; };
		17C980721D01B66200AF3323 /* Assets.xcassets */ = {isa = PBXFileReference; lastKnownFileType = folder.assetcatalog; path = Assets.xcassets; sourceTree = "<group>"; };
		17C980751D01B66200AF3323 /* Base */ = {isa = PBXFileReference; lastKnownFileType = file.storyboard; name = Base; path = Base.lproj/LaunchScreen.storyboard; sourceTree = "<group>"; };
		17C980771D01B66200AF3323 /* Info.plist */ = {isa = PBXFileReference; lastKnownFileType = text.plist.xml; path = Info.plist; sourceTree = "<group>"; };
		17C9807E1D01B74600AF3323 /* TDSlideTabBarController.h */ = {isa = PBXFileReference; fileEncoding = 4; lastKnownFileType = sourcecode.c.h; path = TDSlideTabBarController.h; sourceTree = "<group>"; };
		17C9807F1D01B74600AF3323 /* TDSlideTabBarController.m */ = {isa = PBXFileReference; fileEncoding = 4; lastKnownFileType = sourcecode.c.objc; path = TDSlideTabBarController.m; sourceTree = "<group>"; };
		17C980811D01B8B100AF3323 /* Common.h */ = {isa = PBXFileReference; fileEncoding = 4; lastKnownFileType = sourcecode.c.h; path = Common.h; sourceTree = "<group>"; };
		17C980821D01C12D00AF3323 /* UIView+TDFrame.h */ = {isa = PBXFileReference; fileEncoding = 4; lastKnownFileType = sourcecode.c.h; path = "UIView+TDFrame.h"; sourceTree = "<group>"; };
		17C980831D01C12D00AF3323 /* UIView+TDFrame.m */ = {isa = PBXFileReference; fileEncoding = 4; lastKnownFileType = sourcecode.c.objc; path = "UIView+TDFrame.m"; sourceTree = "<group>"; };
/* End PBXFileReference section */

/* Begin PBXFrameworksBuildPhase section */
		17C980601D01B66200AF3323 /* Frameworks */ = {
			isa = PBXFrameworksBuildPhase;
			buildActionMask = 2147483647;
			files = (
			);
			runOnlyForDeploymentPostprocessing = 0;
		};
/* End PBXFrameworksBuildPhase section */

/* Begin PBXGroup section */
		17C9805A1D01B66200AF3323 = {
			isa = PBXGroup;
			children = (
				17C980651D01B66200AF3323 /* TDSlideTabBarController */,
				17C980641D01B66200AF3323 /* Products */,
			);
			sourceTree = "<group>";
		};
		17C980641D01B66200AF3323 /* Products */ = {
			isa = PBXGroup;
			children = (
				17C980631D01B66200AF3323 /* TDSlideTabBarController.app */,
			);
			name = Products;
			sourceTree = "<group>";
		};
		17C980651D01B66200AF3323 /* TDSlideTabBarController */ = {
			isa = PBXGroup;
			children = (
				17C9807D1D01B71100AF3323 /* TDSliderTabBar */,
				17C9806C1D01B66200AF3323 /* ViewController.h */,
				17C9806D1D01B66200AF3323 /* ViewController.m */,
				17C980691D01B66200AF3323 /* AppDelegate.h */,
				17C9806A1D01B66200AF3323 /* AppDelegate.m */,
				17C980661D01B66200AF3323 /* Supporting Files */,
			);
			path = TDSlideTabBarController;
			sourceTree = "<group>";
		};
		17C980661D01B66200AF3323 /* Supporting Files */ = {
			isa = PBXGroup;
			children = (
				17C9806F1D01B66200AF3323 /* Main.storyboard */,
				17C980721D01B66200AF3323 /* Assets.xcassets */,
				17C980741D01B66200AF3323 /* LaunchScreen.storyboard */,
				17C980771D01B66200AF3323 /* Info.plist */,
				17C980671D01B66200AF3323 /* main.m */,
			);
			name = "Supporting Files";
			sourceTree = "<group>";
		};
		17C9807D1D01B71100AF3323 /* TDSliderTabBar */ = {
			isa = PBXGroup;
			children = (
				17C980821D01C12D00AF3323 /* UIView+TDFrame.h */,
				17C980831D01C12D00AF3323 /* UIView+TDFrame.m */,
				17C980811D01B8B100AF3323 /* Common.h */,
				17C9807E1D01B74600AF3323 /* TDSlideTabBarController.h */,
				17C9807F1D01B74600AF3323 /* TDSlideTabBarController.m */,
			);
			path = TDSliderTabBar;
			sourceTree = "<group>";
		};
/* End PBXGroup section */

/* Begin PBXNativeTarget section */
		17C980621D01B66200AF3323 /* TDSlideTabBarController */ = {
			isa = PBXNativeTarget;
			buildConfigurationList = 17C9807A1D01B66200AF3323 /* Build configuration list for PBXNativeTarget "TDSlideTabBarController" */;
			buildPhases = (
				17C9805F1D01B66200AF3323 /* Sources */,
				17C980601D01B66200AF3323 /* Frameworks */,
				17C980611D01B66200AF3323 /* Resources */,
			);
			buildRules = (
			);
			dependencies = (
			);
			name = TDSlideTabBarController;
			productName = TDSlideTabBarController;
			productReference = 17C980631D01B66200AF3323 /* TDSlideTabBarController.app */;
			productType = "com.apple.product-type.application";
		};
/* End PBXNativeTarget section */

/* Begin PBXProject section */
		17C9805B1D01B66200AF3323 /* Project object */ = {
			isa = PBXProject;
			attributes = {
				LastUpgradeCheck = 0730;
				ORGANIZATIONNAME = Frank;
				TargetAttributes = {
					17C980621D01B66200AF3323 = {
						CreatedOnToolsVersion = 7.3;
					};
				};
			};
			buildConfigurationList = 17C9805E1D01B66200AF3323 /* Build configuration list for PBXProject "TDSlideTabBarController" */;
			compatibilityVersion = "Xcode 3.2";
			developmentRegion = English;
			hasScannedForEncodings = 0;
			knownRegions = (
				en,
				Base,
			);
			mainGroup = 17C9805A1D01B66200AF3323;
			productRefGroup = 17C980641D01B66200AF3323 /* Products */;
			projectDirPath = "";
			projectRoot = "";
			targets = (
				17C980621D01B66200AF3323 /* TDSlideTabBarController */,
			);
		};
/* End PBXProject section */

/* Begin PBXResourcesBuildPhase section */
		17C980611D01B66200AF3323 /* Resources */ = {
			isa = PBXResourcesBuildPhase;
			buildActionMask = 2147483647;
			files = (
				17C980761D01B66200AF3323 /* LaunchScreen.storyboard in Resources */,
				17C980731D01B66200AF3323 /* Assets.xcassets in Resources */,
				17C980711D01B66200AF3323 /* Main.storyboard in Resources */,
			);
			runOnlyForDeploymentPostprocessing = 0;
		};
/* End PBXResourcesBuildPhase section */

/* Begin PBXSourcesBuildPhase section */
		17C9805F1D01B66200AF3323 /* Sources */ = {
			isa = PBXSourcesBuildPhase;
			buildActionMask = 2147483647;
			files = (
				17C9806E1D01B66200AF3323 /* ViewController.m in Sources */,
				17C980801D01B74600AF3323 /* TDSlideTabBarController.m in Sources */,
				17C980841D01C12D00AF3323 /* UIView+TDFrame.m in Sources */,
				17C9806B1D01B66200AF3323 /* AppDelegate.m in Sources */,
				17C980681D01B66200AF3323 /* main.m in Sources */,
			);
			runOnlyForDeploymentPostprocessing = 0;
		};
/* End PBXSourcesBuildPhase section */

/* Begin PBXVariantGroup section */
		17C9806F1D01B66200AF3323 /* Main.storyboard */ = {
			isa = PBXVariantGroup;
			children = (
				17C980701D01B66200AF3323 /* Base */,
			);
			name = Main.storyboard;
			sourceTree = "<group>";
		};
		17C980741D01B66200AF3323 /* LaunchScreen.storyboard */ = {
			isa = PBXVariantGroup;
			children = (
				17C980751D01B66200AF3323 /* Base */,
			);
			name = LaunchScreen.storyboard;
			sourceTree = "<group>";
		};
/* End PBXVariantGroup section */

/* Begin XCBuildConfiguration section */
		17C980781D01B66200AF3323 /* Debug */ = {
			isa = XCBuildConfiguration;
			buildSettings = {
				ALWAYS_SEARCH_USER_PATHS = NO;
				CLANG_ANALYZER_NONNULL = YES;
				CLANG_CXX_LANGUAGE_STANDARD = "gnu++0x";
				CLANG_CXX_LIBRARY = "libc++";
				CLANG_ENABLE_MODULES = YES;
				CLANG_ENABLE_OBJC_ARC = YES;
				CLANG_WARN_BOOL_CONVERSION = YES;
				CLANG_WARN_CONSTANT_CONVERSION = YES;
				CLANG_WARN_DIRECT_OBJC_ISA_USAGE = YES_ERROR;
				CLANG_WARN_EMPTY_BODY = YES;
				CLANG_WARN_ENUM_CONVERSION = YES;
				CLANG_WARN_INT_CONVERSION = YES;
				CLANG_WARN_OBJC_ROOT_CLASS = YES_ERROR;
				CLANG_WARN_UNREACHABLE_CODE = YES;
				CLANG_WARN__DUPLICATE_METHOD_MATCH = YES;
				"CODE_SIGN_IDENTITY[sdk=iphoneos*]" = "iPhone Developer";
				COPY_PHASE_STRIP = NO;
				DEBUG_INFORMATION_FORMAT = dwarf;
				ENABLE_STRICT_OBJC_MSGSEND = YES;
				ENABLE_TESTABILITY = YES;
				GCC_C_LANGUAGE_STANDARD = gnu99;
				GCC_DYNAMIC_NO_PIC = NO;
				GCC_NO_COMMON_BLOCKS = YES;
				GCC_OPTIMIZATION_LEVEL = 0;
				GCC_PREPROCESSOR_DEFINITIONS = (
					"DEBUG=1",
					"$(inherited)",
				);
				GCC_WARN_64_TO_32_BIT_CONVERSION = YES;
				GCC_WARN_ABOUT_RETURN_TYPE = YES_ERROR;
				GCC_WARN_UNDECLARED_SELECTOR = YES;
				GCC_WARN_UNINITIALIZED_AUTOS = YES_AGGRESSIVE;
				GCC_WARN_UNUSED_FUNCTION = YES;
				GCC_WARN_UNUSED_VARIABLE = YES;
				IPHONEOS_DEPLOYMENT_TARGET = 9.3;
				MTL_ENABLE_DEBUG_INFO = YES;
				ONLY_ACTIVE_ARCH = YES;
				SDKROOT = iphoneos;
				TARGETED_DEVICE_FAMILY = "1,2";
			};
			name = Debug;
		};
		17C980791D01B66200AF3323 /* Release */ = {
			isa = XCBuildConfiguration;
			buildSettings = {
				ALWAYS_SEARCH_USER_PATHS = NO;
				CLANG_ANALYZER_NONNULL = YES;
				CLANG_CXX_LANGUAGE_STANDARD = "gnu++0x";
				CLANG_CXX_LIBRARY = "libc++";
				CLANG_ENABLE_MODULES = YES;
				CLANG_ENABLE_OBJC_ARC = YES;
				CLANG_WARN_BOOL_CONVERSION = YES;
				CLANG_WARN_CONSTANT_CONVERSION = YES;
				CLANG_WARN_DIRECT_OBJC_ISA_USAGE = YES_ERROR;
				CLANG_WARN_EMPTY_BODY = YES;
				CLANG_WARN_ENUM_CONVERSION = YES;
				CLANG_WARN_INT_CONVERSION = YES;
				CLANG_WARN_OBJC_ROOT_CLASS = YES_ERROR;
				CLANG_WARN_UNREACHABLE_CODE = YES;
				CLANG_WARN__DUPLICATE_METHOD_MATCH = YES;
				"CODE_SIGN_IDENTITY[sdk=iphoneos*]" = "iPhone Developer";
				COPY_PHASE_STRIP = NO;
				DEBUG_INFORMATION_FORMAT = "dwarf-with-dsym";
				ENABLE_NS_ASSERTIONS = NO;
				ENABLE_STRICT_OBJC_MSGSEND = YES;
				GCC_C_LANGUAGE_STANDARD = gnu99;
				GCC_NO_COMMON_BLOCKS = YES;
				GCC_WARN_64_TO_32_BIT_CONVERSION = YES;
				GCC_WARN_ABOUT_RETURN_TYPE = YES_ERROR;
				GCC_WARN_UNDECLARED_SELECTOR = YES;
				GCC_WARN_UNINITIALIZED_AUTOS = YES_AGGRESSIVE;
				GCC_WARN_UNUSED_FUNCTION = YES;
				GCC_WARN_UNUSED_VARIABLE = YES;
				IPHONEOS_DEPLOYMENT_TARGET = 9.3;
				MTL_ENABLE_DEBUG_INFO = NO;
				SDKROOT = iphoneos;
				TARGETED_DEVICE_FAMILY = "1,2";
				VALIDATE_PRODUCT = YES;
			};
			name = Release;
		};
		17C9807B1D01B66200AF3323 /* Debug */ = {
			isa = XCBuildConfiguration;
			buildSettings = {
				ASSETCATALOG_COMPILER_APPICON_NAME = AppIcon;
				INFOPLIST_FILE = TDSlideTabBarController/Info.plist;
				LD_RUNPATH_SEARCH_PATHS = "$(inherited) @executable_path/Frameworks";
				PRODUCT_BUNDLE_IDENTIFIER = com.frank.TDSlideTabBarController;
				PRODUCT_NAME = "$(TARGET_NAME)";
			};
			name = Debug;
		};
		17C9807C1D01B66200AF3323 /* Release */ = {
			isa = XCBuildConfiguration;
			buildSettings = {
				ASSETCATALOG_COMPILER_APPICON_NAME = AppIcon;
				INFOPLIST_FILE = TDSlideTabBarController/Info.plist;
				LD_RUNPATH_SEARCH_PATHS = "$(inherited) @executable_path/Frameworks";
				PRODUCT_BUNDLE_IDENTIFIER = com.frank.TDSlideTabBarController;
				PRODUCT_NAME = "$(TARGET_NAME)";
			};
			name = Release;
		};
/* End XCBuildConfiguration section */

/* Begin XCConfigurationList section */
		17C9805E1D01B66200AF3323 /* Build configuration list for PBXProject "TDSlideTabBarController" */ = {
			isa = XCConfigurationList;
			buildConfigurations = (
				17C980781D01B66200AF3323 /* Debug */,
				17C980791D01B66200AF3323 /* Release */,
			);
			defaultConfigurationIsVisible = 0;
			defaultConfigurationName = Release;
		};
		17C9807A1D01B66200AF3323 /* Build configuration list for PBXNativeTarget "TDSlideTabBarController" */ = {
			isa = XCConfigurationList;
			buildConfigurations = (
				17C9807B1D01B66200AF3323 /* Debug */,
				17C9807C1D01B66200AF3323 /* Release */,
			);
			defaultConfigurationIsVisible = 0;
		};
/* End XCConfigurationList section */
	};
	rootObject = 17C9805B1D01B66200AF3323 /* Project object */;
}
